
Microsoft Visual Studio Solution File, Format Version 12.00
# Visual Studio 15
VisualStudioVersion = 15.0.27130.2027
MinimumVisualStudioVersion = 10.0.40219.1
Project("{FAE04EC0-301F-11D3-BF4B-00C04F79EFBC}") = "DNTools", "PakFileTesting\DNTools.csproj", "{0249158C-40CA-4065-B956-B240E6E4DA31}"
EndProject
Global
	GlobalSection(SolutionConfigurationPlatforms) = preSolution
		Debug|Any CPU = Debug|Any CPU
		Release|Any CPU = Release|Any CPU
	EndGlobalSection
	GlobalSection(ProjectConfigurationPlatforms) = postSolution
		{0249158C-40CA-4065-B956-B240E6E4DA31}.Debug|Any CPU.ActiveCfg = Debug|Any CPU
		{0249158C-40CA-4065-B956-B240E6E4DA31}.Debug|Any CPU.Build.0 = Debug|Any CPU
		{0249158C-40CA-4065-B956-B240E6E4DA31}.Release|Any CPU.ActiveCfg = Release|Any CPU
		{0249158C-40CA-4065-B956-B240E6E4DA31}.Release|Any CPU.Build.0 = Release|Any CPU
	EndGlobalSection
	GlobalSection(SolutionProperties) = preSolution
		HideSolutionNode = FALSE
	EndGlobalSection
	GlobalSection(ExtensibilityGlobals) = postSolution
		SolutionGuid = {D2FBD281-E6E4-422B-B4EC-1CB3D203C663}
	EndGlobalSection
EndGlobal
